// !$*UTF8*$!
{
	archiveVersion = 1;
	classes = {
	};
	objectVersion = 46;
	objects = {

/* Begin PBXBuildFile section */
		6A07F42014DDC4840032A708 /* Foundation.framework in Frameworks */ = {isa = PBXBuildFile; fileRef = 6A07F41F14DDC4840032A708 /* Foundation.framework */; };
		6A07F42314DDC4840032A708 /* main.m in Sources */ = {isa = PBXBuildFile; fileRef = 6A07F42214DDC4840032A708 /* main.m */; };
		6A07F42F14DDE2430032A708 /* NSObject+Curry.m in Sources */ = {isa = PBXBuildFile; fileRef = 6A07F42E14DDE2430032A708 /* NSObject+Curry.m */; };
		6A07F43214DDE30E0032A708 /* CurryProxy.m in Sources */ = {isa = PBXBuildFile; fileRef = 6A07F43114DDE30E0032A708 /* CurryProxy.m */; };
/* End PBXBuildFile section */

/* Begin PBXCopyFilesBuildPhase section */
		6A07F41914DDC4840032A708 /* CopyFiles */ = {
			isa = PBXCopyFilesBuildPhase;
			buildActionMask = 2147483647;
			dstPath = /usr/share/man/man1/;
			dstSubfolderSpec = 0;
			files = (
			);
			runOnlyForDeploymentPostprocessing = 1;
		};
/* End PBXCopyFilesBuildPhase section */

/* Begin PBXFileReference section */
		6A07F41B14DDC4840032A708 /* Curry */ = {isa = PBXFileReference; explicitFileType = "compiled.mach-o.executable"; includeInIndex = 0; path = Curry; sourceTree = BUILT_PRODUCTS_DIR; };
		6A07F41F14DDC4840032A708 /* Foundation.framework */ = {isa = PBXFileReference; lastKnownFileType = wrapper.framework; name = Foundation.framework; path = System/Library/Frameworks/Foundation.framework; sourceTree = SDKROOT; };
		6A07F42214DDC4840032A708 /* main.m */ = {isa = PBXFileReference; lastKnownFileType = sourcecode.c.objc; path = main.m; sourceTree = "<group>"; };
		6A07F42D14DDE2430032A708 /* NSObject+Curry.h */ = {isa = PBXFileReference; fileEncoding = 4; lastKnownFileType = sourcecode.c.h; path = "NSObject+Curry.h"; sourceTree = "<group>"; };
		6A07F42E14DDE2430032A708 /* NSObject+Curry.m */ = {isa = PBXFileReference; fileEncoding = 4; lastKnownFileType = sourcecode.c.objc; path = "NSObject+Curry.m"; sourceTree = "<group>"; };
		6A07F43014DDE30E0032A708 /* CurryProxy.h */ = {isa = PBXFileReference; fileEncoding = 4; lastKnownFileType = sourcecode.c.h; path = CurryProxy.h; sourceTree = "<group>"; };
		6A07F43114DDE30E0032A708 /* CurryProxy.m */ = {isa = PBXFileReference; fileEncoding = 4; lastKnownFileType = sourcecode.c.objc; path = CurryProxy.m; sourceTree = "<group>"; };
		6A07F43314DDE31B0032A708 /* Curry.h */ = {isa = PBXFileReference; fileEncoding = 4; lastKnownFileType = sourcecode.c.h; path = Curry.h; sourceTree = "<group>"; };
		6A07F45514DDEAC10032A708 /* prefix.pch */ = {isa = PBXFileReference; lastKnownFileType = sourcecode.c.h; path = prefix.pch; sourceTree = "<group>"; };
		6A07F45714DDEACA0032A708 /* README.md */ = {isa = PBXFileReference; lastKnownFileType = text; path = README.md; sourceTree = "<group>"; };
/* End PBXFileReference section */

/* Begin PBXFrameworksBuildPhase section */
		6A07F41814DDC4840032A708 /* Frameworks */ = {
			isa = PBXFrameworksBuildPhase;
			buildActionMask = 2147483647;
			files = (
				6A07F42014DDC4840032A708 /* Foundation.framework in Frameworks */,
			);
			runOnlyForDeploymentPostprocessing = 0;
		};
/* End PBXFrameworksBuildPhase section */

/* Begin PBXGroup section */
		6A07F41014DDC4840032A708 = {
			isa = PBXGroup;
			children = (
				6A07F45714DDEACA0032A708 /* README.md */,
				6A07F42114DDC4840032A708 /* Curry */,
				6A07F41E14DDC4840032A708 /* Frameworks */,
				6A07F41C14DDC4840032A708 /* Products */,
			);
			sourceTree = "<group>";
		};
		6A07F41C14DDC4840032A708 /* Products */ = {
			isa = PBXGroup;
			children = (
				6A07F41B14DDC4840032A708 /* Curry */,
			);
			name = Products;
			sourceTree = "<group>";
		};
		6A07F41E14DDC4840032A708 /* Frameworks */ = {
			isa = PBXGroup;
			children = (
				6A07F41F14DDC4840032A708 /* Foundation.framework */,
			);
			name = Frameworks;
			sourceTree = "<group>";
		};
		6A07F42114DDC4840032A708 /* Curry */ = {
			isa = PBXGroup;
			children = (
				6A07F43314DDE31B0032A708 /* Curry.h */,
				6A07F43014DDE30E0032A708 /* CurryProxy.h */,
				6A07F43114DDE30E0032A708 /* CurryProxy.m */,
				6A07F42D14DDE2430032A708 /* NSObject+Curry.h */,
				6A07F42E14DDE2430032A708 /* NSObject+Curry.m */,
				6A07F42214DDC4840032A708 /* main.m */,
				6A07F45514DDEAC10032A708 /* prefix.pch */,
			);
			path = Curry;
			sourceTree = "<group>";
		};
/* End PBXGroup section */

/* Begin PBXNativeTarget section */
		6A07F41A14DDC4840032A708 /* Curry */ = {
			isa = PBXNativeTarget;
			buildConfigurationList = 6A07F42A14DDC4840032A708 /* Build configuration list for PBXNativeTarget "Curry" */;
			buildPhases = (
				6A07F41714DDC4840032A708 /* Sources */,
				6A07F41814DDC4840032A708 /* Frameworks */,
				6A07F41914DDC4840032A708 /* CopyFiles */,
			);
			buildRules = (
			);
			dependencies = (
			);
			name = Curry;
			productName = Curry;
			productReference = 6A07F41B14DDC4840032A708 /* Curry */;
			productType = "com.apple.product-type.tool";
		};
/* End PBXNativeTarget section */

/* Begin PBXProject section */
		6A07F41214DDC4840032A708 /* Project object */ = {
			isa = PBXProject;
			attributes = {
				LastUpgradeCheck = 0420;
				ORGANIZATIONNAME = "Stanford Computer Science";
			};
			buildConfigurationList = 6A07F41514DDC4840032A708 /* Build configuration list for PBXProject "Curry" */;
			compatibilityVersion = "Xcode 3.2";
			developmentRegion = English;
			hasScannedForEncodings = 0;
			knownRegions = (
				en,
			);
			mainGroup = 6A07F41014DDC4840032A708;
			productRefGroup = 6A07F41C14DDC4840032A708 /* Products */;
			projectDirPath = "";
			projectRoot = "";
			targets = (
				6A07F41A14DDC4840032A708 /* Curry */,
			);
		};
/* End PBXProject section */

/* Begin PBXSourcesBuildPhase section */
		6A07F41714DDC4840032A708 /* Sources */ = {
			isa = PBXSourcesBuildPhase;
			buildActionMask = 2147483647;
			files = (
				6A07F42314DDC4840032A708 /* main.m in Sources */,
				6A07F42F14DDE2430032A708 /* NSObject+Curry.m in Sources */,
				6A07F43214DDE30E0032A708 /* CurryProxy.m in Sources */,
			);
			runOnlyForDeploymentPostprocessing = 0;
		};
/* End PBXSourcesBuildPhase section */

/* Begin XCBuildConfiguration section */
		6A07F42814DDC4840032A708 /* Debug */ = {
			isa = XCBuildConfiguration;
			buildSettings = {
				ALWAYS_SEARCH_USER_PATHS = NO;
				ARCHS = "$(ARCHS_STANDARD_64_BIT)";
				COPY_PHASE_STRIP = NO;
				GCC_C_LANGUAGE_STANDARD = gnu99;
				GCC_DYNAMIC_NO_PIC = NO;
				GCC_ENABLE_OBJC_EXCEPTIONS = YES;
				GCC_OPTIMIZATION_LEVEL = 0;
				GCC_PREPROCESSOR_DEFINITIONS = (
					"DEBUG=1",
					"$(inherited)",
				);
				GCC_SYMBOLS_PRIVATE_EXTERN = NO;
				GCC_VERSION = com.apple.compilers.llvm.clang.1_0;
				GCC_WARN_64_TO_32_BIT_CONVERSION = YES;
				GCC_WARN_ABOUT_MISSING_PROTOTYPES = YES;
				GCC_WARN_ABOUT_RETURN_TYPE = YES;
				GCC_WARN_UNUSED_VARIABLE = YES;
				MACOSX_DEPLOYMENT_TARGET = 10.7;
				ONLY_ACTIVE_ARCH = YES;
				SDKROOT = macosx;
			};
			name = Debug;
		};
		6A07F42914DDC4840032A708 /* Release */ = {
			isa = XCBuildConfiguration;
			buildSettings = {
				ALWAYS_SEARCH_USER_PATHS = NO;
				ARCHS = "$(ARCHS_STANDARD_64_BIT)";
				COPY_PHASE_STRIP = YES;
				DEBUG_INFORMATION_FORMAT = "dwarf-with-dsym";
				GCC_C_LANGUAGE_STANDARD = gnu99;
				GCC_ENABLE_OBJC_EXCEPTIONS = YES;
				GCC_VERSION = com.apple.compilers.llvm.clang.1_0;
				GCC_WARN_64_TO_32_BIT_CONVERSION = YES;
				GCC_WARN_ABOUT_MISSING_PROTOTYPES = YES;
				GCC_WARN_ABOUT_RETURN_TYPE = YES;
				GCC_WARN_UNUSED_VARIABLE = YES;
				MACOSX_DEPLOYMENT_TARGET = 10.7;
				SDKROOT = macosx;
			};
			name = Release;
		};
		6A07F42B14DDC4840032A708 /* Debug */ = {
			isa = XCBuildConfiguration;
			buildSettings = {
				GCC_PRECOMPILE_PREFIX_HEADER = YES;
				GCC_PREFIX_HEADER = Curry/prefix.pch;
				PRODUCT_NAME = "$(TARGET_NAME)";
			};
			name = Debug;
		};
		6A07F42C14DDC4840032A708 /* Release */ = {
			isa = XCBuildConfiguration;
			buildSettings = {
				GCC_PRECOMPILE_PREFIX_HEADER = YES;
				GCC_PREFIX_HEADER = Curry/prefix.pch;
				PRODUCT_NAME = "$(TARGET_NAME)";
			};
			name = Release;
		};
/* End XCBuildConfiguration section */

/* Begin XCConfigurationList section */
		6A07F41514DDC4840032A708 /* Build configuration list for PBXProject "Curry" */ = {
			isa = XCConfigurationList;
			buildConfigurations = (
				6A07F42814DDC4840032A708 /* Debug */,
				6A07F42914DDC4840032A708 /* Release */,
			);
			defaultConfigurationIsVisible = 0;
			defaultConfigurationName = Release;
		};
		6A07F42A14DDC4840032A708 /* Build configuration list for PBXNativeTarget "Curry" */ = {
			isa = XCConfigurationList;
			buildConfigurations = (
				6A07F42B14DDC4840032A708 /* Debug */,
				6A07F42C14DDC4840032A708 /* Release */,
			);
			defaultConfigurationIsVisible = 0;
			defaultConfigurationName = Release;
		};
/* End XCConfigurationList section */
	};
	rootObject = 6A07F41214DDC4840032A708 /* Project object */;
}
